PATH
  remote: .
  specs:
    test-queue (0.4.2)

GEM
  remote: https://rubygems.org/
  specs:
    docile (1.1.5)
    json (2.1.0)
    power_assert (0.2.2)
    simplecov (0.15.0)
      docile (~> 1.1.0)
      json (>= 1.8, < 3)
      simplecov-html (~> 0.10.0)
    simplecov-html (0.10.2)
    test-unit (3.0.8)
      power_assert

PLATFORMS
  ruby

DEPENDENCIES
  simplecov (~> 0.15)
  test-queue!
  test-unit (= 3.0.8)

BUNDLED WITH
   1.15.4
